// !$*UTF8*$!
{
	archiveVersion = 1;
	classes = {
	};
	objectVersion = 77;
	objects = {

/* Begin PBXContainerItemProxy section */
		9B1D9FC72E1081A200F1BD0F /* PBXContainerItemProxy */ = {
			isa = PBXContainerItemProxy;
			containerPortal = 9B1D9FAF2E1081A000F1BD0F /* Project object */;
			proxyType = 1;
			remoteGlobalIDString = 9B1D9FB62E1081A000F1BD0F;
			remoteInfo = "expense-tracker-v1";
		};
		9B1D9FD12E1081A200F1BD0F /* PBXContainerItemProxy */ = {
			isa = PBXContainerItemProxy;
			containerPortal = 9B1D9FAF2E1081A000F1BD0F /* Project object */;
			proxyType = 1;
			remoteGlobalIDString = 9B1D9FB62E1081A000F1BD0F;
			remoteInfo = "expense-tracker-v1";
		};
/* End PBXContainerItemProxy section */

/* Begin PBXFileReference section */
		9B1D9FB72E1081A000F1BD0F /* expense-tracker-v1.app */ = {isa = PBXFileReference; explicitFileType = wrapper.application; includeInIndex = 0; path = "expense-tracker-v1.app"; sourceTree = BUILT_PRODUCTS_DIR; };
		9B1D9FC62E1081A200F1BD0F /* expense-tracker-v1Tests.xctest */ = {isa = PBXFileReference; explicitFileType = wrapper.cfbundle; includeInIndex = 0; path = "expense-tracker-v1Tests.xctest"; sourceTree = BUILT_PRODUCTS_DIR; };
		9B1D9FD02E1081A200F1BD0F /* expense-tracker-v1UITests.xctest */ = {isa = PBXFileReference; explicitFileType = wrapper.cfbundle; includeInIndex = 0; path = "expense-tracker-v1UITests.xctest"; sourceTree = BUILT_PRODUCTS_DIR; };
/* End PBXFileReference section */

/* Begin PBXFileSystemSynchronizedRootGroup section */
		9B1D9FB92E1081A000F1BD0F /* expense-tracker-v1 */ = {
			isa = PBXFileSystemSynchronizedRootGroup;
			path = "expense-tracker-v1";
			sourceTree = "<group>";
		};
		9B1D9FC92E1081A200F1BD0F /* expense-tracker-v1Tests */ = {
			isa = PBXFileSystemSynchronizedRootGroup;
			path = "expense-tracker-v1Tests";
			sourceTree = "<group>";
		};
		9B1D9FD32E1081A200F1BD0F /* expense-tracker-v1UITests */ = {
			isa = PBXFileSystemSynchronizedRootGroup;
			path = "expense-tracker-v1UITests";
			sourceTree = "<group>";
		};
/* End PBXFileSystemSynchronizedRootGroup section */

/* Begin PBXFrameworksBuildPhase section */
		9B1D9FB42E1081A000F1BD0F /* Frameworks */ = {
			isa = PBXFrameworksBuildPhase;
			buildActionMask = 2147483647;
			files = (
			);
			runOnlyForDeploymentPostprocessing = 0;
		};
		9B1D9FC32E1081A200F1BD0F /* Frameworks */ = {
			isa = PBXFrameworksBuildPhase;
			buildActionMask = 2147483647;
			files = (
			);
			runOnlyForDeploymentPostprocessing = 0;
		};
		9B1D9FCD2E1081A200F1BD0F /* Frameworks */ = {
			isa = PBXFrameworksBuildPhase;
			buildActionMask = 2147483647;
			files = (
			);
			runOnlyForDeploymentPostprocessing = 0;
		};
/* End PBXFrameworksBuildPhase section */

/* Begin PBXGroup section */
		9B1D9FAE2E1081A000F1BD0F = {
			isa = PBXGroup;
			children = (
				9B1D9FB92E1081A000F1BD0F /* expense-tracker-v1 */,
				9B1D9FC92E1081A200F1BD0F /* expense-tracker-v1Tests */,
				9B1D9FD32E1081A200F1BD0F /* expense-tracker-v1UITests */,
				9B1D9FB82E1081A000F1BD0F /* Products */,
			);
			sourceTree = "<group>";
		};
		9B1D9FB82E1081A000F1BD0F /* Products */ = {
			isa = PBXGroup;
			children = (
				9B1D9FB72E1081A000F1BD0F /* expense-tracker-v1.app */,
				9B1D9FC62E1081A200F1BD0F /* expense-tracker-v1Tests.xctest */,
				9B1D9FD02E1081A200F1BD0F /* expense-tracker-v1UITests.xctest */,
			);
			name = Products;
			sourceTree = "<group>";
		};
/* End PBXGroup section */

/* Begin PBXNativeTarget section */
		9B1D9FB62E1081A000F1BD0F /* expense-tracker-v1 */ = {
			isa = PBXNativeTarget;
			buildConfigurationList = 9B1D9FDA2E1081A200F1BD0F /* Build configuration list for PBXNativeTarget "expense-tracker-v1" */;
			buildPhases = (
				9B1D9FB32E1081A000F1BD0F /* Sources */,
				9B1D9FB42E1081A000F1BD0F /* Frameworks */,
				9B1D9FB52E1081A000F1BD0F /* Resources */,
			);
			buildRules = (
			);
			dependencies = (
			);
			fileSystemSynchronizedGroups = (
				9B1D9FB92E1081A000F1BD0F /* expense-tracker-v1 */,
			);
			name = "expense-tracker-v1";
			packageProductDependencies = (
			);
			productName = "expense-tracker-v1";
			productReference = 9B1D9FB72E1081A000F1BD0F /* expense-tracker-v1.app */;
			productType = "com.apple.product-type.application";
		};
		9B1D9FC52E1081A200F1BD0F /* expense-tracker-v1Tests */ = {
			isa = PBXNativeTarget;
			buildConfigurationList = 9B1D9FDD2E1081A200F1BD0F /* Build configuration list for PBXNativeTarget "expense-tracker-v1Tests" */;
			buildPhases = (
				9B1D9FC22E1081A200F1BD0F /* Sources */,
				9B1D9FC32E1081A200F1BD0F /* Frameworks */,
				9B1D9FC42E1081A200F1BD0F /* Resources */,
			);
			buildRules = (
			);
			dependencies = (
				9B1D9FC82E1081A200F1BD0F /* PBXTargetDependency */,
			);
			fileSystemSynchronizedGroups = (
				9B1D9FC92E1081A200F1BD0F /* expense-tracker-v1Tests */,
			);
			name = "expense-tracker-v1Tests";
			packageProductDependencies = (
			);
			productName = "expense-tracker-v1Tests";
			productReference = 9B1D9FC62E1081A200F1BD0F /* expense-tracker-v1Tests.xctest */;
			productType = "com.apple.product-type.bundle.unit-test";
		};
		9B1D9FCF2E1081A200F1BD0F /* expense-tracker-v1UITests */ = {
			isa = PBXNativeTarget;
			buildConfigurationList = 9B1D9FE02E1081A200F1BD0F /* Build configuration list for PBXNativeTarget "expense-tracker-v1UITests" */;
			buildPhases = (
				9B1D9FCC2E1081A200F1BD0F /* Sources */,
				9B1D9FCD2E1081A200F1BD0F /* Frameworks */,
				9B1D9FCE2E1081A200F1BD0F /* Resources */,
			);
			buildRules = (
			);
			dependencies = (
				9B1D9FD22E1081A200F1BD0F /* PBXTargetDependency */,
			);
			fileSystemSynchronizedGroups = (
				9B1D9FD32E1081A200F1BD0F /* expense-tracker-v1UITests */,
			);
			name = "expense-tracker-v1UITests";
			packageProductDependencies = (
			);
			productName = "expense-tracker-v1UITests";
			productReference = 9B1D9FD02E1081A200F1BD0F /* expense-tracker-v1UITests.xctest */;
			productType = "com.apple.product-type.bundle.ui-testing";
		};
/* End PBXNativeTarget section */

/* Begin PBXProject section */
		9B1D9FAF2E1081A000F1BD0F /* Project object */ = {
			isa = PBXProject;
			attributes = {
				BuildIndependentTargetsInParallel = 1;
				LastSwiftUpdateCheck = 1640;
				LastUpgradeCheck = 1640;
				TargetAttributes = {
					9B1D9FB62E1081A000F1BD0F = {
						CreatedOnToolsVersion = 16.4;
					};
					9B1D9FC52E1081A200F1BD0F = {
						CreatedOnToolsVersion = 16.4;
						TestTargetID = 9B1D9FB62E1081A000F1BD0F;
					};
					9B1D9FCF2E1081A200F1BD0F = {
						CreatedOnToolsVersion = 16.4;
						TestTargetID = 9B1D9FB62E1081A000F1BD0F;
					};
				};
			};
			buildConfigurationList = 9B1D9FB22E1081A000F1BD0F /* Build configuration list for PBXProject "expense-tracker-v1" */;
			developmentRegion = en;
			hasScannedForEncodings = 0;
			knownRegions = (
				en,
				Base,
			);
			mainGroup = 9B1D9FAE2E1081A000F1BD0F;
			minimizedProjectReferenceProxies = 1;
			preferredProjectObjectVersion = 77;
			productRefGroup = 9B1D9FB82E1081A000F1BD0F /* Products */;
			projectDirPath = "";
			projectRoot = "";
			targets = (
				9B1D9FB62E1081A000F1BD0F /* expense-tracker-v1 */,
				9B1D9FC52E1081A200F1BD0F /* expense-tracker-v1Tests */,
				9B1D9FCF2E1081A200F1BD0F /* expense-tracker-v1UITests */,
			);
		};
/* End PBXProject section */

/* Begin PBXResourcesBuildPhase section */
		9B1D9FB52E1081A000F1BD0F /* Resources */ = {
			isa = PBXResourcesBuildPhase;
			buildActionMask = 2147483647;
			files = (
			);
			runOnlyForDeploymentPostprocessing = 0;
		};
		9B1D9FC42E1081A200F1BD0F /* Resources */ = {
			isa = PBXResourcesBuildPhase;
			buildActionMask = 2147483647;
			files = (
			);
			runOnlyForDeploymentPostprocessing = 0;
		};
		9B1D9FCE2E1081A200F1BD0F /* Resources */ = {
			isa = PBXResourcesBuildPhase;
			buildActionMask = 2147483647;
			files = (
			);
			runOnlyForDeploymentPostprocessing = 0;
		};
/* End PBXResourcesBuildPhase section */

/* Begin PBXSourcesBuildPhase section */
		9B1D9FB32E1081A000F1BD0F /* Sources */ = {
			isa = PBXSourcesBuildPhase;
			buildActionMask = 2147483647;
			files = (
			);
			runOnlyForDeploymentPostprocessing = 0;
		};
		9B1D9FC22E1081A200F1BD0F /* Sources */ = {
			isa = PBXSourcesBuildPhase;
			buildActionMask = 2147483647;
			files = (
			);
			runOnlyForDeploymentPostprocessing = 0;
		};
		9B1D9FCC2E1081A200F1BD0F /* Sources */ = {
			isa = PBXSourcesBuildPhase;
			buildActionMask = 2147483647;
			files = (
			);
			runOnlyForDeploymentPostprocessing = 0;
		};
/* End PBXSourcesBuildPhase section */

/* Begin PBXTargetDependency section */
		9B1D9FC82E1081A200F1BD0F /* PBXTargetDependency */ = {
			isa = PBXTargetDependency;
			target = 9B1D9FB62E1081A000F1BD0F /* expense-tracker-v1 */;
			targetProxy = 9B1D9FC72E1081A200F1BD0F /* PBXContainerItemProxy */;
		};
		9B1D9FD22E1081A200F1BD0F /* PBXTargetDependency */ = {
			isa = PBXTargetDependency;
			target = 9B1D9FB62E1081A000F1BD0F /* expense-tracker-v1 */;
			targetProxy = 9B1D9FD12E1081A200F1BD0F /* PBXContainerItemProxy */;
		};
/* End PBXTargetDependency section */

/* Begin XCBuildConfiguration section */
		9B1D9FD82E1081A200F1BD0F /* Debug */ = {
			isa = XCBuildConfiguration;
			buildSettings = {
				ALWAYS_SEARCH_USER_PATHS = NO;
				ASSETCATALOG_COMPILER_GENERATE_SWIFT_ASSET_SYMBOL_EXTENSIONS = YES;
				CLANG_ANALYZER_NONNULL = YES;
				CLANG_ANALYZER_NUMBER_OBJECT_CONVERSION = YES_AGGRESSIVE;
				CLANG_CXX_LANGUAGE_STANDARD = "gnu++20";
				CLANG_ENABLE_MODULES = YES;
				CLANG_ENABLE_OBJC_ARC = YES;
				CLANG_ENABLE_OBJC_WEAK = YES;
				CLANG_WARN_BLOCK_CAPTURE_AUTORELEASING = YES;
				CLANG_WARN_BOOL_CONVERSION = YES;
				CLANG_WARN_COMMA = YES;
				CLANG_WARN_CONSTANT_CONVERSION = YES;
				CLANG_WARN_DEPRECATED_OBJC_IMPLEMENTATIONS = YES;
				CLANG_WARN_DIRECT_OBJC_ISA_USAGE = YES_ERROR;
				CLANG_WARN_DOCUMENTATION_COMMENTS = YES;
				CLANG_WARN_EMPTY_BODY = YES;
				CLANG_WARN_ENUM_CONVERSION = YES;
				CLANG_WARN_INFINITE_RECURSION = YES;
				CLANG_WARN_INT_CONVERSION = YES;
				CLANG_WARN_NON_LITERAL_NULL_CONVERSION = YES;
				CLANG_WARN_OBJC_IMPLICIT_RETAIN_SELF = YES;
				CLANG_WARN_OBJC_LITERAL_CONVERSION = YES;
				CLANG_WARN_OBJC_ROOT_CLASS = YES_ERROR;
				CLANG_WARN_QUOTED_INCLUDE_IN_FRAMEWORK_HEADER = YES;
				CLANG_WARN_RANGE_LOOP_ANALYSIS = YES;
				CLANG_WARN_STRICT_PROTOTYPES = YES;
				CLANG_WARN_SUSPICIOUS_MOVE = YES;
				CLANG_WARN_UNGUARDED_AVAILABILITY = YES_AGGRESSIVE;
				CLANG_WARN_UNREACHABLE_CODE = YES;
				CLANG_WARN__DUPLICATE_METHOD_MATCH = YES;
				COPY_PHASE_STRIP = NO;
				DEBUG_INFORMATION_FORMAT = dwarf;
				DEVELOPMENT_TEAM = 5YJY932K79;
				ENABLE_STRICT_OBJC_MSGSEND = YES;
				ENABLE_TESTABILITY = YES;
				ENABLE_USER_SCRIPT_SANDBOXING = YES;
				GCC_C_LANGUAGE_STANDARD = gnu17;
				GCC_DYNAMIC_NO_PIC = NO;
				GCC_NO_COMMON_BLOCKS = YES;
				GCC_OPTIMIZATION_LEVEL = 0;
				GCC_PREPROCESSOR_DEFINITIONS = (
					"DEBUG=1",
					"$(inherited)",
				);
				GCC_WARN_64_TO_32_BIT_CONVERSION = YES;
				GCC_WARN_ABOUT_RETURN_TYPE = YES_ERROR;
				GCC_WARN_UNDECLARED_SELECTOR = YES;
				GCC_WARN_UNINITIALIZED_AUTOS = YES_AGGRESSIVE;
				GCC_WARN_UNUSED_FUNCTION = YES;
				GCC_WARN_UNUSED_VARIABLE = YES;
				IPHONEOS_DEPLOYMENT_TARGET = 18.5;
				LOCALIZATION_PREFERS_STRING_CATALOGS = YES;
				MTL_ENABLE_DEBUG_INFO = INCLUDE_SOURCE;
				MTL_FAST_MATH = YES;
				ONLY_ACTIVE_ARCH = YES;
				SDKROOT = iphoneos;
				SWIFT_ACTIVE_COMPILATION_CONDITIONS = "DEBUG $(inherited)";
				SWIFT_OPTIMIZATION_LEVEL = "-Onone";
			};
			name = Debug;
		};
		9B1D9FD92E1081A200F1BD0F /* Release */ = {
			isa = XCBuildConfiguration;
			buildSettings = {
				ALWAYS_SEARCH_USER_PATHS = NO;
				ASSETCATALOG_COMPILER_GENERATE_SWIFT_ASSET_SYMBOL_EXTENSIONS = YES;
				CLANG_ANALYZER_NONNULL = YES;
				CLANG_ANALYZER_NUMBER_OBJECT_CONVERSION = YES_AGGRESSIVE;
				CLANG_CXX_LANGUAGE_STANDARD = "gnu++20";
				CLANG_ENABLE_MODULES = YES;
				CLANG_ENABLE_OBJC_ARC = YES;
				CLANG_ENABLE_OBJC_WEAK = YES;
				CLANG_WARN_BLOCK_CAPTURE_AUTORELEASING = YES;
				CLANG_WARN_BOOL_CONVERSION = YES;
				CLANG_WARN_COMMA = YES;
				CLANG_WARN_CONSTANT_CONVERSION = YES;
				CLANG_WARN_DEPRECATED_OBJC_IMPLEMENTATIONS = YES;
				CLANG_WARN_DIRECT_OBJC_ISA_USAGE = YES_ERROR;
				CLANG_WARN_DOCUMENTATION_COMMENTS = YES;
				CLANG_WARN_EMPTY_BODY = YES;
				CLANG_WARN_ENUM_CONVERSION = YES;
				CLANG_WARN_INFINITE_RECURSION = YES;
				CLANG_WARN_INT_CONVERSION = YES;
				CLANG_WARN_NON_LITERAL_NULL_CONVERSION = YES;
				CLANG_WARN_OBJC_IMPLICIT_RETAIN_SELF = YES;
				CLANG_WARN_OBJC_LITERAL_CONVERSION = YES;
				CLANG_WARN_OBJC_ROOT_CLASS = YES_ERROR;
				CLANG_WARN_QUOTED_INCLUDE_IN_FRAMEWORK_HEADER = YES;
				CLANG_WARN_RANGE_LOOP_ANALYSIS = YES;
				CLANG_WARN_STRICT_PROTOTYPES = YES;
				CLANG_WARN_SUSPICIOUS_MOVE = YES;
				CLANG_WARN_UNGUARDED_AVAILABILITY = YES_AGGRESSIVE;
				CLANG_WARN_UNREACHABLE_CODE = YES;
				CLANG_WARN__DUPLICATE_METHOD_MATCH = YES;
				COPY_PHASE_STRIP = NO;
				DEBUG_INFORMATION_FORMAT = "dwarf-with-dsym";
				DEVELOPMENT_TEAM = 5YJY932K79;
				ENABLE_NS_ASSERTIONS = NO;
				ENABLE_STRICT_OBJC_MSGSEND = YES;
				ENABLE_USER_SCRIPT_SANDBOXING = YES;
				GCC_C_LANGUAGE_STANDARD = gnu17;
				GCC_NO_COMMON_BLOCKS = YES;
				GCC_WARN_64_TO_32_BIT_CONVERSION = YES;
				GCC_WARN_ABOUT_RETURN_TYPE = YES_ERROR;
				GCC_WARN_UNDECLARED_SELECTOR = YES;
				GCC_WARN_UNINITIALIZED_AUTOS = YES_AGGRESSIVE;
				GCC_WARN_UNUSED_FUNCTION = YES;
				GCC_WARN_UNUSED_VARIABLE = YES;
				IPHONEOS_DEPLOYMENT_TARGET = 18.5;
				LOCALIZATION_PREFERS_STRING_CATALOGS = YES;
				MTL_ENABLE_DEBUG_INFO = NO;
				MTL_FAST_MATH = YES;
				SDKROOT = iphoneos;
				SWIFT_COMPILATION_MODE = wholemodule;
				VALIDATE_PRODUCT = YES;
			};
			name = Release;
		};
		9B1D9FDB2E1081A200F1BD0F /* Debug */ = {
			isa = XCBuildConfiguration;
			buildSettings = {
				ASSETCATALOG_COMPILER_APPICON_NAME = AppIcon;
				ASSETCATALOG_COMPILER_GLOBAL_ACCENT_COLOR_NAME = AccentColor;
				CODE_SIGN_STYLE = Automatic;
				CURRENT_PROJECT_VERSION = 1;
				DEVELOPMENT_TEAM = 5YJY932K79;
				ENABLE_PREVIEWS = YES;
				GENERATE_INFOPLIST_FILE = YES;
				INFOPLIST_KEY_UIApplicationSceneManifest_Generation = YES;
				INFOPLIST_KEY_UIApplicationSupportsIndirectInputEvents = YES;
				INFOPLIST_KEY_UILaunchScreen_Generation = YES;
				INFOPLIST_KEY_UISupportedInterfaceOrientations_iPad = "UIInterfaceOrientationPortrait UIInterfaceOrientationPortraitUpsideDown UIInterfaceOrientationLandscapeLeft UIInterfaceOrientationLandscapeRight";
				INFOPLIST_KEY_UISupportedInterfaceOrientations_iPhone = "UIInterfaceOrientationPortrait UIInterfaceOrientationLandscapeLeft UIInterfaceOrientationLandscapeRight";
				LD_RUNPATH_SEARCH_PATHS = (
					"$(inherited)",
					"@executable_path/Frameworks",
				);
				MARKETING_VERSION = 1.0;
				PRODUCT_BUNDLE_IDENTIFIER = "md.victordov.firstapp.expense-tracker-v1";
				PRODUCT_NAME = "$(TARGET_NAME)";
				SWIFT_EMIT_LOC_STRINGS = YES;
				SWIFT_VERSION = 5.0;
				TARGETED_DEVICE_FAMILY = "1,2";
			};
			name = Debug;
		};
		9B1D9FDC2E1081A200F1BD0F /* Release */ = {
			isa = XCBuildConfiguration;
			buildSettings = {
				ASSETCATALOG_COMPILER_APPICON_NAME = AppIcon;
				ASSETCATALOG_COMPILER_GLOBAL_ACCENT_COLOR_NAME = AccentColor;
				CODE_SIGN_STYLE = Automatic;
				CURRENT_PROJECT_VERSION = 1;
				DEVELOPMENT_TEAM = 5YJY932K79;
				ENABLE_PREVIEWS = YES;
				GENERATE_INFOPLIST_FILE = YES;
				INFOPLIST_KEY_UIApplicationSceneManifest_Generation = YES;
				INFOPLIST_KEY_UIApplicationSupportsIndirectInputEvents = YES;
				INFOPLIST_KEY_UILaunchScreen_Generation = YES;
				INFOPLIST_KEY_UISupportedInterfaceOrientations_iPad = "UIInterfaceOrientationPortrait UIInterfaceOrientationPortraitUpsideDown UIInterfaceOrientationLandscapeLeft UIInterfaceOrientationLandscapeRight";
				INFOPLIST_KEY_UISupportedInterfaceOrientations_iPhone = "UIInterfaceOrientationPortrait UIInterfaceOrientationLandscapeLeft UIInterfaceOrientationLandscapeRight";
				LD_RUNPATH_SEARCH_PATHS = (
					"$(inherited)",
					"@executable_path/Frameworks",
				);
				MARKETING_VERSION = 1.0;
				PRODUCT_BUNDLE_IDENTIFIER = "md.victordov.firstapp.expense-tracker-v1";
				PRODUCT_NAME = "$(TARGET_NAME)";
				SWIFT_EMIT_LOC_STRINGS = YES;
				SWIFT_VERSION = 5.0;
				TARGETED_DEVICE_FAMILY = "1,2";
			};
			name = Release;
		};
		9B1D9FDE2E1081A200F1BD0F /* Debug */ = {
			isa = XCBuildConfiguration;
			buildSettings = {
				BUNDLE_LOADER = "$(TEST_HOST)";
				CODE_SIGN_STYLE = Automatic;
				CURRENT_PROJECT_VERSION = 1;
				DEVELOPMENT_TEAM = 5YJY932K79;
				GENERATE_INFOPLIST_FILE = YES;
				IPHONEOS_DEPLOYMENT_TARGET = 18.5;
				MARKETING_VERSION = 1.0;
				PRODUCT_BUNDLE_IDENTIFIER = "md.victordov.firstapp.expense-tracker-v1Tests";
				PRODUCT_NAME = "$(TARGET_NAME)";
				SWIFT_EMIT_LOC_STRINGS = NO;
				SWIFT_VERSION = 5.0;
				TARGETED_DEVICE_FAMILY = "1,2";
				TEST_HOST = "$(BUILT_PRODUCTS_DIR)/expense-tracker-v1.app/$(BUNDLE_EXECUTABLE_FOLDER_PATH)/expense-tracker-v1";
			};
			name = Debug;
		};
		9B1D9FDF2E1081A200F1BD0F /* Release */ = {
			isa = XCBuildConfiguration;
			buildSettings = {
				BUNDLE_LOADER = "$(TEST_HOST)";
				CODE_SIGN_STYLE = Automatic;
				CURRENT_PROJECT_VERSION = 1;
				DEVELOPMENT_TEAM = 5YJY932K79;
				GENERATE_INFOPLIST_FILE = YES;
				IPHONEOS_DEPLOYMENT_TARGET = 18.5;
				MARKETING_VERSION = 1.0;
				PRODUCT_BUNDLE_IDENTIFIER = "md.victordov.firstapp.expense-tracker-v1Tests";
				PRODUCT_NAME = "$(TARGET_NAME)";
				SWIFT_EMIT_LOC_STRINGS = NO;
				SWIFT_VERSION = 5.0;
				TARGETED_DEVICE_FAMILY = "1,2";
				TEST_HOST = "$(BUILT_PRODUCTS_DIR)/expense-tracker-v1.app/$(BUNDLE_EXECUTABLE_FOLDER_PATH)/expense-tracker-v1";
			};
			name = Release;
		};
		9B1D9FE12E1081A200F1BD0F /* Debug */ = {
			isa = XCBuildConfiguration;
			buildSettings = {
				CODE_SIGN_STYLE = Automatic;
				CURRENT_PROJECT_VERSION = 1;
				DEVELOPMENT_TEAM = 5YJY932K79;
				GENERATE_INFOPLIST_FILE = YES;
				MARKETING_VERSION = 1.0;
				PRODUCT_BUNDLE_IDENTIFIER = "md.victordov.firstapp.expense-tracker-v1UITests";
				PRODUCT_NAME = "$(TARGET_NAME)";
				SWIFT_EMIT_LOC_STRINGS = NO;
				SWIFT_VERSION = 5.0;
				TARGETED_DEVICE_FAMILY = "1,2";
				TEST_TARGET_NAME = "expense-tracker-v1";
			};
			name = Debug;
		};
		9B1D9FE22E1081A200F1BD0F /* Release */ = {
			isa = XCBuildConfiguration;
			buildSettings = {
				CODE_SIGN_STYLE = Automatic;
				CURRENT_PROJECT_VERSION = 1;
				DEVELOPMENT_TEAM = 5YJY932K79;
				GENERATE_INFOPLIST_FILE = YES;
				MARKETING_VERSION = 1.0;
				PRODUCT_BUNDLE_IDENTIFIER = "md.victordov.firstapp.expense-tracker-v1UITests";
				PRODUCT_NAME = "$(TARGET_NAME)";
				SWIFT_EMIT_LOC_STRINGS = NO;
				SWIFT_VERSION = 5.0;
				TARGETED_DEVICE_FAMILY = "1,2";
				TEST_TARGET_NAME = "expense-tracker-v1";
			};
			name = Release;
		};
/* End XCBuildConfiguration section */

/* Begin XCConfigurationList section */
		9B1D9FB22E1081A000F1BD0F /* Build configuration list for PBXProject "expense-tracker-v1" */ = {
			isa = XCConfigurationList;
			buildConfigurations = (
				9B1D9FD82E1081A200F1BD0F /* Debug */,
				9B1D9FD92E1081A200F1BD0F /* Release */,
			);
			defaultConfigurationIsVisible = 0;
			defaultConfigurationName = Release;
		};
		9B1D9FDA2E1081A200F1BD0F /* Build configuration list for PBXNativeTarget "expense-tracker-v1" */ = {
			isa = XCConfigurationList;
			buildConfigurations = (
				9B1D9FDB2E1081A200F1BD0F /* Debug */,
				9B1D9FDC2E1081A200F1BD0F /* Release */,
			);
			defaultConfigurationIsVisible = 0;
			defaultConfigurationName = Release;
		};
		9B1D9FDD2E1081A200F1BD0F /* Build configuration list for PBXNativeTarget "expense-tracker-v1Tests" */ = {
			isa = XCConfigurationList;
			buildConfigurations = (
				9B1D9FDE2E1081A200F1BD0F /* Debug */,
				9B1D9FDF2E1081A200F1BD0F /* Release */,
			);
			defaultConfigurationIsVisible = 0;
			defaultConfigurationName = Release;
		};
		9B1D9FE02E1081A200F1BD0F /* Build configuration list for PBXNativeTarget "expense-tracker-v1UITests" */ = {
			isa = XCConfigurationList;
			buildConfigurations = (
				9B1D9FE12E1081A200F1BD0F /* Debug */,
				9B1D9FE22E1081A200F1BD0F /* Release */,
			);
			defaultConfigurationIsVisible = 0;
			defaultConfigurationName = Release;
		};
/* End XCConfigurationList section */
	};
	rootObject = 9B1D9FAF2E1081A000F1BD0F /* Project object */;
}
